
Microsoft Visual Studio Solution File, Format Version 12.00
# Visual Studio 14
VisualStudioVersion = 14.0.25123.0
MinimumVisualStudioVersion = 10.0.40219.1
Project("{FAE04EC0-301F-11D3-BF4B-00C04F79EFBC}") = "BANK", "BANK\BANK.csproj", "{9E6D026F-099E-4973-AF39-61E0772071AA}"
EndProject
Project("{E729F059-12D4-455F-A2A4-FDA8DD25E08A}") = "Bank Management.msi", "Bank Management\Bank Management.msi", "{676C47EE-0C69-4B6E-8FE3-A52EC6597F13}"
EndProject
Global
	GlobalSection(SolutionConfigurationPlatforms) = preSolution
		Debug|Any CPU = Debug|Any CPU
		Release|Any CPU = Release|Any CPU
	EndGlobalSection
	GlobalSection(ProjectConfigurationPlatforms) = postSolution
		{9E6D026F-099E-4973-AF39-61E0772071AA}.Debug|Any CPU.ActiveCfg = Debug|Any CPU
		{9E6D026F-099E-4973-AF39-61E0772071AA}.Debug|Any CPU.Build.0 = Debug|Any CPU
		{9E6D026F-099E-4973-AF39-61E0772071AA}.Release|Any CPU.ActiveCfg = Release|Any CPU
		{9E6D026F-099E-4973-AF39-61E0772071AA}.Release|Any CPU.Build.0 = Release|Any CPU
	EndGlobalSection
	GlobalSection(SolutionProperties) = preSolution
		HideSolutionNode = FALSE
	EndGlobalSection
EndGlobal
